
Microsoft Visual Studio Solution File, Format Version 12.00
# Visual Studio Version 16
VisualStudioVersion = 16.0.31729.503
MinimumVisualStudioVersion = 10.0.40219.1
Project("{FAE04EC0-301F-11D3-BF4B-00C04F79EFBC}") = "WebApplication1", "WebApplication1\WebApplication1.csproj", "{BDA69C79-E872-4005-9F9F-7A10F6AE135D}"
EndProject
Global
	GlobalSection(SolutionConfigurationPlatforms) = preSolution
		Debug|Any CPU = Debug|Any CPU
		Release|Any CPU = Release|Any CPU
	EndGlobalSection
	GlobalSection(ProjectConfigurationPlatforms) = postSolution
		{BDA69C79-E872-4005-9F9F-7A10F6AE135D}.Debug|Any CPU.ActiveCfg = Debug|Any CPU
		{BDA69C79-E872-4005-9F9F-7A10F6AE135D}.Debug|Any CPU.Build.0 = Debug|Any CPU
		{BDA69C79-E872-4005-9F9F-7A10F6AE135D}.Release|Any CPU.ActiveCfg = Release|Any CPU
		{BDA69C79-E872-4005-9F9F-7A10F6AE135D}.Release|Any CPU.Build.0 = Release|Any CPU
	EndGlobalSection
	GlobalSection(SolutionProperties) = preSolution
		HideSolutionNode = FALSE
	EndGlobalSection
	GlobalSection(ExtensibilityGlobals) = postSolution
		SolutionGuid = {4A0B845E-324A-4872-ABA2-63417E26326B}
	EndGlobalSection
EndGlobal
